// !$*UTF8*$!
{
	archiveVersion = 1;
	classes = {
	};
	objectVersion = 77;
	objects = {

/* Begin PBXBuildFile section */
		846579B12DC51F7600F8A060 /* AppDelegate.swift in Sources */ = {isa = PBXBuildFile; fileRef = 846579A62DC51F7600F8A060 /* AppDelegate.swift */; };
		846579B32DC51F7600F8A060 /* ViewController.swift in Sources */ = {isa = PBXBuildFile; fileRef = 846579AF2DC51F7600F8A060 /* ViewController.swift */; };
		846579B42DC51F7600F8A060 /* Assets.xcassets in Resources */ = {isa = PBXBuildFile; fileRef = 846579A72DC51F7600F8A060 /* Assets.xcassets */; };
		846579B62DC51F7600F8A060 /* LaunchScreen.storyboard in Resources */ = {isa = PBXBuildFile; fileRef = 846579AA2DC51F7600F8A060 /* LaunchScreen.storyboard */; };
		846579B72DC51F7600F8A060 /* Main.storyboard in Resources */ = {isa = PBXBuildFile; fileRef = 846579AC2DC51F7600F8A060 /* Main.storyboard */; };
		846579B92DC51F7C00F8A060 /* MainTabBar.swift in Sources */ = {isa = PBXBuildFile; fileRef = 846579B82DC51F7C00F8A060 /* MainTabBar.swift */; };
		846579BB2DC51F8400F8A060 /* TabItem.swift in Sources */ = {isa = PBXBuildFile; fileRef = 846579BA2DC51F8400F8A060 /* TabItem.swift */; };
		846579BD2DC51FB100F8A060 /* FriendsView.swift in Sources */ = {isa = PBXBuildFile; fileRef = 846579BC2DC51FB100F8A060 /* FriendsView.swift */; };
		846579BF2DC51FC900F8A060 /* GamesHub.swift in Sources */ = {isa = PBXBuildFile; fileRef = 846579BE2DC51FC900F8A060 /* GamesHub.swift */; };
		846579C12DC51FD600F8A060 /* StatsView.swift in Sources */ = {isa = PBXBuildFile; fileRef = 846579C02DC51FD600F8A060 /* StatsView.swift */; };
		846579C32DC51FEE00F8A060 /* Font + ext.swift in Sources */ = {isa = PBXBuildFile; fileRef = 846579C22DC51FEE00F8A060 /* Font + ext.swift */; };
		846579C62DC5216700F8A060 /* PlayerModel.swift in Sources */ = {isa = PBXBuildFile; fileRef = 846579C52DC5216700F8A060 /* PlayerModel.swift */; };
		846579C92DC521FB00F8A060 /* StoreManager.swift in Sources */ = {isa = PBXBuildFile; fileRef = 846579C82DC521FB00F8A060 /* StoreManager.swift */; };
		846579CB2DC5220700F8A060 /* FriendsViewModel.swift in Sources */ = {isa = PBXBuildFile; fileRef = 846579CA2DC5220700F8A060 /* FriendsViewModel.swift */; };
		846579CF2DC5327900F8A060 /* PlayersCard.swift in Sources */ = {isa = PBXBuildFile; fileRef = 846579CE2DC5327900F8A060 /* PlayersCard.swift */; };
		846579D12DC53AE600F8A060 /* AvatarPickerView.swift in Sources */ = {isa = PBXBuildFile; fileRef = 846579D02DC53AE600F8A060 /* AvatarPickerView.swift */; };
		846579D32DC5406C00F8A060 /* AvatarPositionKey.swift in Sources */ = {isa = PBXBuildFile; fileRef = 846579D22DC5406C00F8A060 /* AvatarPositionKey.swift */; };
		846579D52DC8A9EC00F8A060 /* CustomAlertView.swift in Sources */ = {isa = PBXBuildFile; fileRef = 846579D42DC8A9EC00F8A060 /* CustomAlertView.swift */; };
		846579D72DC8B17700F8A060 /* GameDetailSwift.swift in Sources */ = {isa = PBXBuildFile; fileRef = 846579D62DC8B17700F8A060 /* GameDetailSwift.swift */; };
		846579DA2DC8B75C00F8A060 /* TrueOrDareView.swift in Sources */ = {isa = PBXBuildFile; fileRef = 846579D92DC8B75C00F8A060 /* TrueOrDareView.swift */; };
		846579DC2DC8C55300F8A060 /* EmojiBattleView.swift in Sources */ = {isa = PBXBuildFile; fileRef = 846579DB2DC8C55300F8A060 /* EmojiBattleView.swift */; };
		846579DE2DC8CDE300F8A060 /* QuickMathView.swift in Sources */ = {isa = PBXBuildFile; fileRef = 846579DD2DC8CDE300F8A060 /* QuickMathView.swift */; };
		846579E02DC8CFB600F8A060 /* GuessTheWordView.swift in Sources */ = {isa = PBXBuildFile; fileRef = 846579DF2DC8CFB600F8A060 /* GuessTheWordView.swift */; };
		846579E22DC8D73900F8A060 /* Back.swift in Sources */ = {isa = PBXBuildFile; fileRef = 846579E12DC8D73900F8A060 /* Back.swift */; };
		84EF81102DCA323C00C22E79 /* BackButton.swift in Sources */ = {isa = PBXBuildFile; fileRef = 84EF810F2DCA323C00C22E79 /* BackButton.swift */; };
		84EF81132DCA473B00C22E79 /* GameBase.swift in Sources */ = {isa = PBXBuildFile; fileRef = 84EF81122DCA473B00C22E79 /* GameBase.swift */; };
		84EF81152DCA54D500C22E79 /* Helper.swift in Sources */ = {isa = PBXBuildFile; fileRef = 84EF81142DCA54D500C22E79 /* Helper.swift */; };
		84EF81172DCA5A9200C22E79 /* GoogleService-Info.plist in Resources */ = {isa = PBXBuildFile; fileRef = 84EF81162DCA5A9100C22E79 /* GoogleService-Info.plist */; };
		84EF81192DCA5AD600C22E79 /* PrivacyInfo.xcprivacy in Resources */ = {isa = PBXBuildFile; fileRef = 84EF81182DCA5AD600C22E79 /* PrivacyInfo.xcprivacy */; };
		84EF811C2DCA605100C22E79 /* lottieAnim.json in Resources */ = {isa = PBXBuildFile; fileRef = 84EF811B2DCA605100C22E79 /* lottieAnim.json */; };
		DD457DEC85E3BF835B15C554 /* Pods_OneHub_FriendsBattle.framework in Frameworks */ = {isa = PBXBuildFile; fileRef = A97FF3255EE1E205D2E55546 /* Pods_OneHub_FriendsBattle.framework */; };
/* End PBXBuildFile section */

/* Begin PBXFileReference section */
		8465798D2DC51F6000F8A060 /* OneHub-FriendsBattle.app */ = {isa = PBXFileReference; explicitFileType = wrapper.application; includeInIndex = 0; path = "OneHub-FriendsBattle.app"; sourceTree = BUILT_PRODUCTS_DIR; };
		846579A62DC51F7600F8A060 /* AppDelegate.swift */ = {isa = PBXFileReference; lastKnownFileType = sourcecode.swift; path = AppDelegate.swift; sourceTree = "<group>"; };
		846579A72DC51F7600F8A060 /* Assets.xcassets */ = {isa = PBXFileReference; lastKnownFileType = folder.assetcatalog; path = Assets.xcassets; sourceTree = "<group>"; };
		846579A82DC51F7600F8A060 /* Info.plist */ = {isa = PBXFileReference; lastKnownFileType = text.plist.xml; path = Info.plist; sourceTree = "<group>"; };
		846579A92DC51F7600F8A060 /* Base */ = {isa = PBXFileReference; lastKnownFileType = file.storyboard; name = Base; path = Base.lproj/LaunchScreen.storyboard; sourceTree = "<group>"; };
		846579AB2DC51F7600F8A060 /* Base */ = {isa = PBXFileReference; lastKnownFileType = file.storyboard; name = Base; path = Base.lproj/Main.storyboard; sourceTree = "<group>"; };
		846579AD2DC51F7600F8A060 /* OneHub-FriendsBattle.entitlements */ = {isa = PBXFileReference; lastKnownFileType = text.plist.entitlements; path = "OneHub-FriendsBattle.entitlements"; sourceTree = "<group>"; };
		846579AF2DC51F7600F8A060 /* ViewController.swift */ = {isa = PBXFileReference; lastKnownFileType = sourcecode.swift; path = ViewController.swift; sourceTree = "<group>"; };
		846579B82DC51F7C00F8A060 /* MainTabBar.swift */ = {isa = PBXFileReference; lastKnownFileType = sourcecode.swift; path = MainTabBar.swift; sourceTree = "<group>"; };
		846579BA2DC51F8400F8A060 /* TabItem.swift */ = {isa = PBXFileReference; lastKnownFileType = sourcecode.swift; path = TabItem.swift; sourceTree = "<group>"; };
		846579BC2DC51FB100F8A060 /* FriendsView.swift */ = {isa = PBXFileReference; lastKnownFileType = sourcecode.swift; path = FriendsView.swift; sourceTree = "<group>"; };
		846579BE2DC51FC900F8A060 /* GamesHub.swift */ = {isa = PBXFileReference; lastKnownFileType = sourcecode.swift; path = GamesHub.swift; sourceTree = "<group>"; };
		846579C02DC51FD600F8A060 /* StatsView.swift */ = {isa = PBXFileReference; lastKnownFileType = sourcecode.swift; path = StatsView.swift; sourceTree = "<group>"; };
		846579C22DC51FEE00F8A060 /* Font + ext.swift */ = {isa = PBXFileReference; lastKnownFileType = sourcecode.swift; path = "Font + ext.swift"; sourceTree = "<group>"; };
		846579C52DC5216700F8A060 /* PlayerModel.swift */ = {isa = PBXFileReference; lastKnownFileType = sourcecode.swift; path = PlayerModel.swift; sourceTree = "<group>"; };
		846579C82DC521FB00F8A060 /* StoreManager.swift */ = {isa = PBXFileReference; lastKnownFileType = sourcecode.swift; path = StoreManager.swift; sourceTree = "<group>"; };
		846579CA2DC5220700F8A060 /* FriendsViewModel.swift */ = {isa = PBXFileReference; lastKnownFileType = sourcecode.swift; path = FriendsViewModel.swift; sourceTree = "<group>"; };
		846579CE2DC5327900F8A060 /* PlayersCard.swift */ = {isa = PBXFileReference; lastKnownFileType = sourcecode.swift; path = PlayersCard.swift; sourceTree = "<group>"; };
		846579D02DC53AE600F8A060 /* AvatarPickerView.swift */ = {isa = PBXFileReference; lastKnownFileType = sourcecode.swift; path = AvatarPickerView.swift; sourceTree = "<group>"; };
		846579D22DC5406C00F8A060 /* AvatarPositionKey.swift */ = {isa = PBXFileReference; lastKnownFileType = sourcecode.swift; path = AvatarPositionKey.swift; sourceTree = "<group>"; };
		846579D42DC8A9EC00F8A060 /* CustomAlertView.swift */ = {isa = PBXFileReference; lastKnownFileType = sourcecode.swift; path = CustomAlertView.swift; sourceTree = "<group>"; };
		846579D62DC8B17700F8A060 /* GameDetailSwift.swift */ = {isa = PBXFileReference; lastKnownFileType = sourcecode.swift; path = GameDetailSwift.swift; sourceTree = "<group>"; };
		846579D92DC8B75C00F8A060 /* TrueOrDareView.swift */ = {isa = PBXFileReference; lastKnownFileType = sourcecode.swift; path = TrueOrDareView.swift; sourceTree = "<group>"; };
		846579DB2DC8C55300F8A060 /* EmojiBattleView.swift */ = {isa = PBXFileReference; lastKnownFileType = sourcecode.swift; path = EmojiBattleView.swift; sourceTree = "<group>"; };
		846579DD2DC8CDE300F8A060 /* QuickMathView.swift */ = {isa = PBXFileReference; lastKnownFileType = sourcecode.swift; path = QuickMathView.swift; sourceTree = "<group>"; };
		846579DF2DC8CFB600F8A060 /* GuessTheWordView.swift */ = {isa = PBXFileReference; lastKnownFileType = sourcecode.swift; path = GuessTheWordView.swift; sourceTree = "<group>"; };
		846579E12DC8D73900F8A060 /* Back.swift */ = {isa = PBXFileReference; lastKnownFileType = sourcecode.swift; path = Back.swift; sourceTree = "<group>"; };
		84EF810F2DCA323C00C22E79 /* BackButton.swift */ = {isa = PBXFileReference; lastKnownFileType = sourcecode.swift; path = BackButton.swift; sourceTree = "<group>"; };
		84EF81122DCA473B00C22E79 /* GameBase.swift */ = {isa = PBXFileReference; lastKnownFileType = sourcecode.swift; path = GameBase.swift; sourceTree = "<group>"; };
		84EF81142DCA54D500C22E79 /* Helper.swift */ = {isa = PBXFileReference; lastKnownFileType = sourcecode.swift; path = Helper.swift; sourceTree = "<group>"; };
		84EF81162DCA5A9100C22E79 /* GoogleService-Info.plist */ = {isa = PBXFileReference; lastKnownFileType = text.plist.xml; path = "GoogleService-Info.plist"; sourceTree = "<group>"; };
		84EF81182DCA5AD600C22E79 /* PrivacyInfo.xcprivacy */ = {isa = PBXFileReference; lastKnownFileType = text.xml; path = PrivacyInfo.xcprivacy; sourceTree = "<group>"; };
		84EF811A2DCA5C9600C22E79 /* codemagic.yaml */ = {isa = PBXFileReference; lastKnownFileType = text.yaml; path = codemagic.yaml; sourceTree = "<group>"; };
		84EF811B2DCA605100C22E79 /* lottieAnim.json */ = {isa = PBXFileReference; lastKnownFileType = text.json; path = lottieAnim.json; sourceTree = "<group>"; };
		A97FF3255EE1E205D2E55546 /* Pods_OneHub_FriendsBattle.framework */ = {isa = PBXFileReference; explicitFileType = wrapper.framework; includeInIndex = 0; path = Pods_OneHub_FriendsBattle.framework; sourceTree = BUILT_PRODUCTS_DIR; };
		AB09D03B7D6593191F5D1733 /* Pods-OneHub-FriendsBattle.debug.xcconfig */ = {isa = PBXFileReference; includeInIndex = 1; lastKnownFileType = text.xcconfig; name = "Pods-OneHub-FriendsBattle.debug.xcconfig"; path = "Target Support Files/Pods-OneHub-FriendsBattle/Pods-OneHub-FriendsBattle.debug.xcconfig"; sourceTree = "<group>"; };
		CFDA30524CF54665FA65232E /* Pods-OneHub-FriendsBattle.release.xcconfig */ = {isa = PBXFileReference; includeInIndex = 1; lastKnownFileType = text.xcconfig; name = "Pods-OneHub-FriendsBattle.release.xcconfig"; path = "Target Support Files/Pods-OneHub-FriendsBattle/Pods-OneHub-FriendsBattle.release.xcconfig"; sourceTree = "<group>"; };
/* End PBXFileReference section */

/* Begin PBXFrameworksBuildPhase section */
		8465798A2DC51F6000F8A060 /* Frameworks */ = {
			isa = PBXFrameworksBuildPhase;
			buildActionMask = 2147483647;
			files = (
				DD457DEC85E3BF835B15C554 /* Pods_OneHub_FriendsBattle.framework in Frameworks */,
			);
			runOnlyForDeploymentPostprocessing = 0;
		};
/* End PBXFrameworksBuildPhase section */

/* Begin PBXGroup section */
		846579842DC51F6000F8A060 = {
			isa = PBXGroup;
			children = (
				84EF811A2DCA5C9600C22E79 /* codemagic.yaml */,
				846579B02DC51F7600F8A060 /* OneHub-FriendsBattle */,
				8465798E2DC51F6000F8A060 /* Products */,
				92BBA8FB3CA1E13296AE32DD /* Pods */,
				F3827F0A1EB3A2251AE4C2BD /* Frameworks */,
			);
			sourceTree = "<group>";
		};
		8465798E2DC51F6000F8A060 /* Products */ = {
			isa = PBXGroup;
			children = (
				8465798D2DC51F6000F8A060 /* OneHub-FriendsBattle.app */,
			);
			name = Products;
			sourceTree = "<group>";
		};
		846579B02DC51F7600F8A060 /* OneHub-FriendsBattle */ = {
			isa = PBXGroup;
			children = (
				84EF81112DCA473200C22E79 /* Helpers */,
				846579C72DC521C900F8A060 /* ViewModels */,
				846579C42DC5215D00F8A060 /* Model */,
				846579A62DC51F7600F8A060 /* AppDelegate.swift */,
				84EF811B2DCA605100C22E79 /* lottieAnim.json */,
				846579A72DC51F7600F8A060 /* Assets.xcassets */,
				846579A82DC51F7600F8A060 /* Info.plist */,
				84EF81162DCA5A9100C22E79 /* GoogleService-Info.plist */,
				846579AA2DC51F7600F8A060 /* LaunchScreen.storyboard */,
				846579AC2DC51F7600F8A060 /* Main.storyboard */,
				846579AD2DC51F7600F8A060 /* OneHub-FriendsBattle.entitlements */,
				846579AF2DC51F7600F8A060 /* ViewController.swift */,
				846579B82DC51F7C00F8A060 /* MainTabBar.swift */,
				846579BC2DC51FB100F8A060 /* FriendsView.swift */,
				846579CE2DC5327900F8A060 /* PlayersCard.swift */,
				846579D02DC53AE600F8A060 /* AvatarPickerView.swift */,
				846579BE2DC51FC900F8A060 /* GamesHub.swift */,
				846579D62DC8B17700F8A060 /* GameDetailSwift.swift */,
				846579D82DC8B74D00F8A060 /* GamesView */,
				846579C02DC51FD600F8A060 /* StatsView.swift */,
				846579D42DC8A9EC00F8A060 /* CustomAlertView.swift */,
				846579E12DC8D73900F8A060 /* Back.swift */,
				84EF810F2DCA323C00C22E79 /* BackButton.swift */,
				846579C22DC51FEE00F8A060 /* Font + ext.swift */,
				846579C82DC521FB00F8A060 /* StoreManager.swift */,
				84EF81182DCA5AD600C22E79 /* PrivacyInfo.xcprivacy */,
			);
			path = "OneHub-FriendsBattle";
			sourceTree = "<group>";
		};
		846579C42DC5215D00F8A060 /* Model */ = {
			isa = PBXGroup;
			children = (
				846579BA2DC51F8400F8A060 /* TabItem.swift */,
				846579C52DC5216700F8A060 /* PlayerModel.swift */,
				846579D22DC5406C00F8A060 /* AvatarPositionKey.swift */,
			);
			path = Model;
			sourceTree = "<group>";
		};
		846579C72DC521C900F8A060 /* ViewModels */ = {
			isa = PBXGroup;
			children = (
				846579CA2DC5220700F8A060 /* FriendsViewModel.swift */,
			);
			path = ViewModels;
			sourceTree = "<group>";
		};
		846579D82DC8B74D00F8A060 /* GamesView */ = {
			isa = PBXGroup;
			children = (
				846579D92DC8B75C00F8A060 /* TrueOrDareView.swift */,
				846579DB2DC8C55300F8A060 /* EmojiBattleView.swift */,
				846579DD2DC8CDE300F8A060 /* QuickMathView.swift */,
				846579DF2DC8CFB600F8A060 /* GuessTheWordView.swift */,
			);
			path = GamesView;
			sourceTree = "<group>";
		};
		84EF81112DCA473200C22E79 /* Helpers */ = {
			isa = PBXGroup;
			children = (
				84EF81122DCA473B00C22E79 /* GameBase.swift */,
				84EF81142DCA54D500C22E79 /* Helper.swift */,
			);
			path = Helpers;
			sourceTree = "<group>";
		};
		92BBA8FB3CA1E13296AE32DD /* Pods */ = {
			isa = PBXGroup;
			children = (
				AB09D03B7D6593191F5D1733 /* Pods-OneHub-FriendsBattle.debug.xcconfig */,
				CFDA30524CF54665FA65232E /* Pods-OneHub-FriendsBattle.release.xcconfig */,
			);
			name = Pods;
			path = Pods;
			sourceTree = "<group>";
		};
		F3827F0A1EB3A2251AE4C2BD /* Frameworks */ = {
			isa = PBXGroup;
			children = (
				A97FF3255EE1E205D2E55546 /* Pods_OneHub_FriendsBattle.framework */,
			);
			name = Frameworks;
			sourceTree = "<group>";
		};
/* End PBXGroup section */

/* Begin PBXNativeTarget section */
		8465798C2DC51F6000F8A060 /* OneHub-FriendsBattle */ = {
			isa = PBXNativeTarget;
			buildConfigurationList = 846579A02DC51F6200F8A060 /* Build configuration list for PBXNativeTarget "OneHub-FriendsBattle" */;
			buildPhases = (
				64683EF8ECA9CC9C604A8B42 /* [CP] Check Pods Manifest.lock */,
				846579892DC51F6000F8A060 /* Sources */,
				8465798A2DC51F6000F8A060 /* Frameworks */,
				8465798B2DC51F6000F8A060 /* Resources */,
				35C7286E76D80F54ABFF6C60 /* [CP] Embed Pods Frameworks */,
				FC92B55A15A7CED89C8E8779 /* [CP] Copy Pods Resources */,
			);
			buildRules = (
			);
			dependencies = (
			);
			name = "OneHub-FriendsBattle";
			productName = "OneHub-FriendsBattle";
			productReference = 8465798D2DC51F6000F8A060 /* OneHub-FriendsBattle.app */;
			productType = "com.apple.product-type.application";
		};
/* End PBXNativeTarget section */

/* Begin PBXProject section */
		846579852DC51F6000F8A060 /* Project object */ = {
			isa = PBXProject;
			attributes = {
				BuildIndependentTargetsInParallel = 1;
				LastSwiftUpdateCheck = 1630;
				LastUpgradeCheck = 1630;
				TargetAttributes = {
					8465798C2DC51F6000F8A060 = {
						CreatedOnToolsVersion = 16.3;
					};
				};
			};
			buildConfigurationList = 846579882DC51F6000F8A060 /* Build configuration list for PBXProject "OneHub-FriendsBattle" */;
			developmentRegion = en;
			hasScannedForEncodings = 0;
			knownRegions = (
				en,
				Base,
			);
			mainGroup = 846579842DC51F6000F8A060;
			minimizedProjectReferenceProxies = 1;
			preferredProjectObjectVersion = 77;
			productRefGroup = 8465798E2DC51F6000F8A060 /* Products */;
			projectDirPath = "";
			projectRoot = "";
			targets = (
				8465798C2DC51F6000F8A060 /* OneHub-FriendsBattle */,
			);
		};
/* End PBXProject section */

/* Begin PBXResourcesBuildPhase section */
		8465798B2DC51F6000F8A060 /* Resources */ = {
			isa = PBXResourcesBuildPhase;
			buildActionMask = 2147483647;
			files = (
				84EF811C2DCA605100C22E79 /* lottieAnim.json in Resources */,
				846579B42DC51F7600F8A060 /* Assets.xcassets in Resources */,
				84EF81172DCA5A9200C22E79 /* GoogleService-Info.plist in Resources */,
				846579B62DC51F7600F8A060 /* LaunchScreen.storyboard in Resources */,
				84EF81192DCA5AD600C22E79 /* PrivacyInfo.xcprivacy in Resources */,
				846579B72DC51F7600F8A060 /* Main.storyboard in Resources */,
			);
			runOnlyForDeploymentPostprocessing = 0;
		};
/* End PBXResourcesBuildPhase section */

/* Begin PBXShellScriptBuildPhase section */
		35C7286E76D80F54ABFF6C60 /* [CP] Embed Pods Frameworks */ = {
			isa = PBXShellScriptBuildPhase;
			buildActionMask = 2147483647;
			files = (
			);
			inputFileListPaths = (
				"${PODS_ROOT}/Target Support Files/Pods-OneHub-FriendsBattle/Pods-OneHub-FriendsBattle-frameworks-${CONFIGURATION}-input-files.xcfilelist",
			);
			name = "[CP] Embed Pods Frameworks";
			outputFileListPaths = (
				"${PODS_ROOT}/Target Support Files/Pods-OneHub-FriendsBattle/Pods-OneHub-FriendsBattle-frameworks-${CONFIGURATION}-output-files.xcfilelist",
			);
			runOnlyForDeploymentPostprocessing = 0;
			shellPath = /bin/sh;
			shellScript = "\"${PODS_ROOT}/Target Support Files/Pods-OneHub-FriendsBattle/Pods-OneHub-FriendsBattle-frameworks.sh\"\n";
			showEnvVarsInLog = 0;
		};
		64683EF8ECA9CC9C604A8B42 /* [CP] Check Pods Manifest.lock */ = {
			isa = PBXShellScriptBuildPhase;
			buildActionMask = 2147483647;
			files = (
			);
			inputFileListPaths = (
			);
			inputPaths = (
				"${PODS_PODFILE_DIR_PATH}/Podfile.lock",
				"${PODS_ROOT}/Manifest.lock",
			);
			name = "[CP] Check Pods Manifest.lock";
			outputFileListPaths = (
			);
			outputPaths = (
				"$(DERIVED_FILE_DIR)/Pods-OneHub-FriendsBattle-checkManifestLockResult.txt",
			);
			runOnlyForDeploymentPostprocessing = 0;
			shellPath = /bin/sh;
			shellScript = "diff \"${PODS_PODFILE_DIR_PATH}/Podfile.lock\" \"${PODS_ROOT}/Manifest.lock\" > /dev/null\nif [ $? != 0 ] ; then\n    # print error to STDERR\n    echo \"error: The sandbox is not in sync with the Podfile.lock. Run 'pod install' or update your CocoaPods installation.\" >&2\n    exit 1\nfi\n# This output is used by Xcode 'outputs' to avoid re-running this script phase.\necho \"SUCCESS\" > \"${SCRIPT_OUTPUT_FILE_0}\"\n";
			showEnvVarsInLog = 0;
		};
		FC92B55A15A7CED89C8E8779 /* [CP] Copy Pods Resources */ = {
			isa = PBXShellScriptBuildPhase;
			buildActionMask = 2147483647;
			files = (
			);
			inputFileListPaths = (
				"${PODS_ROOT}/Target Support Files/Pods-OneHub-FriendsBattle/Pods-OneHub-FriendsBattle-resources-${CONFIGURATION}-input-files.xcfilelist",
			);
			name = "[CP] Copy Pods Resources";
			outputFileListPaths = (
				"${PODS_ROOT}/Target Support Files/Pods-OneHub-FriendsBattle/Pods-OneHub-FriendsBattle-resources-${CONFIGURATION}-output-files.xcfilelist",
			);
			runOnlyForDeploymentPostprocessing = 0;
			shellPath = /bin/sh;
			shellScript = "\"${PODS_ROOT}/Target Support Files/Pods-OneHub-FriendsBattle/Pods-OneHub-FriendsBattle-resources.sh\"\n";
			showEnvVarsInLog = 0;
		};
/* End PBXShellScriptBuildPhase section */

/* Begin PBXSourcesBuildPhase section */
		846579892DC51F6000F8A060 /* Sources */ = {
			isa = PBXSourcesBuildPhase;
			buildActionMask = 2147483647;
			files = (
				846579C62DC5216700F8A060 /* PlayerModel.swift in Sources */,
				846579D32DC5406C00F8A060 /* AvatarPositionKey.swift in Sources */,
				84EF81102DCA323C00C22E79 /* BackButton.swift in Sources */,
				846579BD2DC51FB100F8A060 /* FriendsView.swift in Sources */,
				846579BF2DC51FC900F8A060 /* GamesHub.swift in Sources */,
				846579CF2DC5327900F8A060 /* PlayersCard.swift in Sources */,
				846579DA2DC8B75C00F8A060 /* TrueOrDareView.swift in Sources */,
				846579C92DC521FB00F8A060 /* StoreManager.swift in Sources */,
				846579B92DC51F7C00F8A060 /* MainTabBar.swift in Sources */,
				846579B12DC51F7600F8A060 /* AppDelegate.swift in Sources */,
				846579D12DC53AE600F8A060 /* AvatarPickerView.swift in Sources */,
				846579C12DC51FD600F8A060 /* StatsView.swift in Sources */,
				84EF81132DCA473B00C22E79 /* GameBase.swift in Sources */,
				846579D72DC8B17700F8A060 /* GameDetailSwift.swift in Sources */,
				846579E02DC8CFB600F8A060 /* GuessTheWordView.swift in Sources */,
				846579CB2DC5220700F8A060 /* FriendsViewModel.swift in Sources */,
				846579BB2DC51F8400F8A060 /* TabItem.swift in Sources */,
				846579DE2DC8CDE300F8A060 /* QuickMathView.swift in Sources */,
				846579C32DC51FEE00F8A060 /* Font + ext.swift in Sources */,
				846579DC2DC8C55300F8A060 /* EmojiBattleView.swift in Sources */,
				846579D52DC8A9EC00F8A060 /* CustomAlertView.swift in Sources */,
				846579E22DC8D73900F8A060 /* Back.swift in Sources */,
				846579B32DC51F7600F8A060 /* ViewController.swift in Sources */,
				84EF81152DCA54D500C22E79 /* Helper.swift in Sources */,
			);
			runOnlyForDeploymentPostprocessing = 0;
		};
/* End PBXSourcesBuildPhase section */

/* Begin PBXVariantGroup section */
		846579AA2DC51F7600F8A060 /* LaunchScreen.storyboard */ = {
			isa = PBXVariantGroup;
			children = (
				846579A92DC51F7600F8A060 /* Base */,
			);
			name = LaunchScreen.storyboard;
			sourceTree = "<group>";
		};
		846579AC2DC51F7600F8A060 /* Main.storyboard */ = {
			isa = PBXVariantGroup;
			children = (
				846579AB2DC51F7600F8A060 /* Base */,
			);
			name = Main.storyboard;
			sourceTree = "<group>";
		};
/* End PBXVariantGroup section */

/* Begin XCBuildConfiguration section */
		846579A12DC51F6200F8A060 /* Debug */ = {
			isa = XCBuildConfiguration;
			baseConfigurationReference = AB09D03B7D6593191F5D1733 /* Pods-OneHub-FriendsBattle.debug.xcconfig */;
			buildSettings = {
				ASSETCATALOG_COMPILER_APPICON_NAME = AppIcon;
				ASSETCATALOG_COMPILER_GLOBAL_ACCENT_COLOR_NAME = AccentColor;
				CODE_SIGN_ENTITLEMENTS = "OneHub-FriendsBattle/OneHub-FriendsBattle.entitlements";
				CODE_SIGN_STYLE = Automatic;
				CURRENT_PROJECT_VERSION = 1;
				ENABLE_USER_SCRIPT_SANDBOXING = NO;
				GENERATE_INFOPLIST_FILE = YES;
				INFOPLIST_FILE = "OneHub-FriendsBattle/Info.plist";
				INFOPLIST_KEY_UIApplicationSupportsIndirectInputEvents = YES;
				INFOPLIST_KEY_UILaunchStoryboardName = LaunchScreen;
				INFOPLIST_KEY_UIMainStoryboardFile = Main;
				INFOPLIST_KEY_UISupportedInterfaceOrientations_iPad = "UIInterfaceOrientationPortrait UIInterfaceOrientationPortraitUpsideDown UIInterfaceOrientationLandscapeLeft UIInterfaceOrientationLandscapeRight";
				INFOPLIST_KEY_UISupportedInterfaceOrientations_iPhone = "UIInterfaceOrientationPortrait UIInterfaceOrientationLandscapeLeft UIInterfaceOrientationLandscapeRight";
				IPHONEOS_DEPLOYMENT_TARGET = 16.0;
				LD_RUNPATH_SEARCH_PATHS = (
					"$(inherited)",
					"@executable_path/Frameworks",
				);
				MARKETING_VERSION = 1.0;
				PRODUCT_BUNDLE_IDENTIFIER = "com.OneHub-FriendsBattle";
				PRODUCT_NAME = "$(TARGET_NAME)";
				SUPPORTED_PLATFORMS = "iphoneos iphonesimulator";
				SUPPORTS_MACCATALYST = NO;
				SUPPORTS_MAC_DESIGNED_FOR_IPHONE_IPAD = NO;
				SUPPORTS_XR_DESIGNED_FOR_IPHONE_IPAD = NO;
				SWIFT_EMIT_LOC_STRINGS = YES;
				SWIFT_VERSION = 5.0;
				TARGETED_DEVICE_FAMILY = 1;
			};
			name = Debug;
		};
		846579A22DC51F6200F8A060 /* Release */ = {
			isa = XCBuildConfiguration;
			baseConfigurationReference = CFDA30524CF54665FA65232E /* Pods-OneHub-FriendsBattle.release.xcconfig */;
			buildSettings = {
				ASSETCATALOG_COMPILER_APPICON_NAME = AppIcon;
				ASSETCATALOG_COMPILER_GLOBAL_ACCENT_COLOR_NAME = AccentColor;
				CODE_SIGN_ENTITLEMENTS = "OneHub-FriendsBattle/OneHub-FriendsBattle.entitlements";
				CODE_SIGN_STYLE = Automatic;
				CURRENT_PROJECT_VERSION = 1;
				ENABLE_USER_SCRIPT_SANDBOXING = NO;
				GENERATE_INFOPLIST_FILE = YES;
				INFOPLIST_FILE = "OneHub-FriendsBattle/Info.plist";
				INFOPLIST_KEY_UIApplicationSupportsIndirectInputEvents = YES;
				INFOPLIST_KEY_UILaunchStoryboardName = LaunchScreen;
				INFOPLIST_KEY_UIMainStoryboardFile = Main;
				INFOPLIST_KEY_UISupportedInterfaceOrientations_iPad = "UIInterfaceOrientationPortrait UIInterfaceOrientationPortraitUpsideDown UIInterfaceOrientationLandscapeLeft UIInterfaceOrientationLandscapeRight";
				INFOPLIST_KEY_UISupportedInterfaceOrientations_iPhone = "UIInterfaceOrientationPortrait UIInterfaceOrientationLandscapeLeft UIInterfaceOrientationLandscapeRight";
				IPHONEOS_DEPLOYMENT_TARGET = 16.0;
				LD_RUNPATH_SEARCH_PATHS = (
					"$(inherited)",
					"@executable_path/Frameworks",
				);
				MARKETING_VERSION = 1.0;
				PRODUCT_BUNDLE_IDENTIFIER = "com.OneHub-FriendsBattle";
				PRODUCT_NAME = "$(TARGET_NAME)";
				SUPPORTED_PLATFORMS = "iphoneos iphonesimulator";
				SUPPORTS_MACCATALYST = NO;
				SUPPORTS_MAC_DESIGNED_FOR_IPHONE_IPAD = NO;
				SUPPORTS_XR_DESIGNED_FOR_IPHONE_IPAD = NO;
				SWIFT_EMIT_LOC_STRINGS = YES;
				SWIFT_VERSION = 5.0;
				TARGETED_DEVICE_FAMILY = 1;
			};
			name = Release;
		};
		846579A32DC51F6200F8A060 /* Debug */ = {
			isa = XCBuildConfiguration;
			buildSettings = {
				ALWAYS_SEARCH_USER_PATHS = NO;
				ASSETCATALOG_COMPILER_GENERATE_SWIFT_ASSET_SYMBOL_EXTENSIONS = YES;
				CLANG_ANALYZER_NONNULL = YES;
				CLANG_ANALYZER_NUMBER_OBJECT_CONVERSION = YES_AGGRESSIVE;
				CLANG_CXX_LANGUAGE_STANDARD = "gnu++20";
				CLANG_ENABLE_MODULES = YES;
				CLANG_ENABLE_OBJC_ARC = YES;
				CLANG_ENABLE_OBJC_WEAK = YES;
				CLANG_WARN_BLOCK_CAPTURE_AUTORELEASING = YES;
				CLANG_WARN_BOOL_CONVERSION = YES;
				CLANG_WARN_COMMA = YES;
				CLANG_WARN_CONSTANT_CONVERSION = YES;
				CLANG_WARN_DEPRECATED_OBJC_IMPLEMENTATIONS = YES;
				CLANG_WARN_DIRECT_OBJC_ISA_USAGE = YES_ERROR;
				CLANG_WARN_DOCUMENTATION_COMMENTS = YES;
				CLANG_WARN_EMPTY_BODY = YES;
				CLANG_WARN_ENUM_CONVERSION = YES;
				CLANG_WARN_INFINITE_RECURSION = YES;
				CLANG_WARN_INT_CONVERSION = YES;
				CLANG_WARN_NON_LITERAL_NULL_CONVERSION = YES;
				CLANG_WARN_OBJC_IMPLICIT_RETAIN_SELF = YES;
				CLANG_WARN_OBJC_LITERAL_CONVERSION = YES;
				CLANG_WARN_OBJC_ROOT_CLASS = YES_ERROR;
				CLANG_WARN_QUOTED_INCLUDE_IN_FRAMEWORK_HEADER = YES;
				CLANG_WARN_RANGE_LOOP_ANALYSIS = YES;
				CLANG_WARN_STRICT_PROTOTYPES = YES;
				CLANG_WARN_SUSPICIOUS_MOVE = YES;
				CLANG_WARN_UNGUARDED_AVAILABILITY = YES_AGGRESSIVE;
				CLANG_WARN_UNREACHABLE_CODE = YES;
				CLANG_WARN__DUPLICATE_METHOD_MATCH = YES;
				COPY_PHASE_STRIP = NO;
				DEBUG_INFORMATION_FORMAT = dwarf;
				ENABLE_STRICT_OBJC_MSGSEND = YES;
				ENABLE_TESTABILITY = YES;
				ENABLE_USER_SCRIPT_SANDBOXING = YES;
				GCC_C_LANGUAGE_STANDARD = gnu17;
				GCC_DYNAMIC_NO_PIC = NO;
				GCC_NO_COMMON_BLOCKS = YES;
				GCC_OPTIMIZATION_LEVEL = 0;
				GCC_PREPROCESSOR_DEFINITIONS = (
					"DEBUG=1",
					"$(inherited)",
				);
				GCC_WARN_64_TO_32_BIT_CONVERSION = YES;
				GCC_WARN_ABOUT_RETURN_TYPE = YES_ERROR;
				GCC_WARN_UNDECLARED_SELECTOR = YES;
				GCC_WARN_UNINITIALIZED_AUTOS = YES_AGGRESSIVE;
				GCC_WARN_UNUSED_FUNCTION = YES;
				GCC_WARN_UNUSED_VARIABLE = YES;
				IPHONEOS_DEPLOYMENT_TARGET = 18.4;
				LOCALIZATION_PREFERS_STRING_CATALOGS = YES;
				MTL_ENABLE_DEBUG_INFO = INCLUDE_SOURCE;
				MTL_FAST_MATH = YES;
				ONLY_ACTIVE_ARCH = YES;
				SDKROOT = iphoneos;
				SWIFT_ACTIVE_COMPILATION_CONDITIONS = "DEBUG $(inherited)";
				SWIFT_OPTIMIZATION_LEVEL = "-Onone";
			};
			name = Debug;
		};
		846579A42DC51F6200F8A060 /* Release */ = {
			isa = XCBuildConfiguration;
			buildSettings = {
				ALWAYS_SEARCH_USER_PATHS = NO;
				ASSETCATALOG_COMPILER_GENERATE_SWIFT_ASSET_SYMBOL_EXTENSIONS = YES;
				CLANG_ANALYZER_NONNULL = YES;
				CLANG_ANALYZER_NUMBER_OBJECT_CONVERSION = YES_AGGRESSIVE;
				CLANG_CXX_LANGUAGE_STANDARD = "gnu++20";
				CLANG_ENABLE_MODULES = YES;
				CLANG_ENABLE_OBJC_ARC = YES;
				CLANG_ENABLE_OBJC_WEAK = YES;
				CLANG_WARN_BLOCK_CAPTURE_AUTORELEASING = YES;
				CLANG_WARN_BOOL_CONVERSION = YES;
				CLANG_WARN_COMMA = YES;
				CLANG_WARN_CONSTANT_CONVERSION = YES;
				CLANG_WARN_DEPRECATED_OBJC_IMPLEMENTATIONS = YES;
				CLANG_WARN_DIRECT_OBJC_ISA_USAGE = YES_ERROR;
				CLANG_WARN_DOCUMENTATION_COMMENTS = YES;
				CLANG_WARN_EMPTY_BODY = YES;
				CLANG_WARN_ENUM_CONVERSION = YES;
				CLANG_WARN_INFINITE_RECURSION = YES;
				CLANG_WARN_INT_CONVERSION = YES;
				CLANG_WARN_NON_LITERAL_NULL_CONVERSION = YES;
				CLANG_WARN_OBJC_IMPLICIT_RETAIN_SELF = YES;
				CLANG_WARN_OBJC_LITERAL_CONVERSION = YES;
				CLANG_WARN_OBJC_ROOT_CLASS = YES_ERROR;
				CLANG_WARN_QUOTED_INCLUDE_IN_FRAMEWORK_HEADER = YES;
				CLANG_WARN_RANGE_LOOP_ANALYSIS = YES;
				CLANG_WARN_STRICT_PROTOTYPES = YES;
				CLANG_WARN_SUSPICIOUS_MOVE = YES;
				CLANG_WARN_UNGUARDED_AVAILABILITY = YES_AGGRESSIVE;
				CLANG_WARN_UNREACHABLE_CODE = YES;
				CLANG_WARN__DUPLICATE_METHOD_MATCH = YES;
				COPY_PHASE_STRIP = NO;
				DEBUG_INFORMATION_FORMAT = "dwarf-with-dsym";
				ENABLE_NS_ASSERTIONS = NO;
				ENABLE_STRICT_OBJC_MSGSEND = YES;
				ENABLE_USER_SCRIPT_SANDBOXING = YES;
				GCC_C_LANGUAGE_STANDARD = gnu17;
				GCC_NO_COMMON_BLOCKS = YES;
				GCC_WARN_64_TO_32_BIT_CONVERSION = YES;
				GCC_WARN_ABOUT_RETURN_TYPE = YES_ERROR;
				GCC_WARN_UNDECLARED_SELECTOR = YES;
				GCC_WARN_UNINITIALIZED_AUTOS = YES_AGGRESSIVE;
				GCC_WARN_UNUSED_FUNCTION = YES;
				GCC_WARN_UNUSED_VARIABLE = YES;
				IPHONEOS_DEPLOYMENT_TARGET = 18.4;
				LOCALIZATION_PREFERS_STRING_CATALOGS = YES;
				MTL_ENABLE_DEBUG_INFO = NO;
				MTL_FAST_MATH = YES;
				SDKROOT = iphoneos;
				SWIFT_COMPILATION_MODE = wholemodule;
				VALIDATE_PRODUCT = YES;
			};
			name = Release;
		};
/* End XCBuildConfiguration section */

/* Begin XCConfigurationList section */
		846579882DC51F6000F8A060 /* Build configuration list for PBXProject "OneHub-FriendsBattle" */ = {
			isa = XCConfigurationList;
			buildConfigurations = (
				846579A32DC51F6200F8A060 /* Debug */,
				846579A42DC51F6200F8A060 /* Release */,
			);
			defaultConfigurationIsVisible = 0;
			defaultConfigurationName = Release;
		};
		846579A02DC51F6200F8A060 /* Build configuration list for PBXNativeTarget "OneHub-FriendsBattle" */ = {
			isa = XCConfigurationList;
			buildConfigurations = (
				846579A12DC51F6200F8A060 /* Debug */,
				846579A22DC51F6200F8A060 /* Release */,
			);
			defaultConfigurationIsVisible = 0;
			defaultConfigurationName = Release;
		};
/* End XCConfigurationList section */
	};
	rootObject = 846579852DC51F6000F8A060 /* Project object */;
}
